{
    "requires": true,
    "lockfileVersion": 1,
    "dependencies": {
        "dom": {
            "version": "0.0.2",
            "resolved": "https://registry.npmjs.org/dom/-/dom-0.0.2.tgz",
            "integrity": "sha1-4V+3WV4ym9Enj8yFjQ97jPOOS1E="
        },
        "jquery": {
            "version": "3.5.1",
            "resolved": "https://registry.npmjs.org/jquery/-/jquery-3.5.1.tgz",
            "integrity": "sha512-XwIBPqcMn57FxfT+Go5pzySnm4KWkT1Tv7gjrpT1srtf8Weynl6R273VJ5GjkRb51IzMp5nbaPjJXMWeju2MKg=="
        },
        "typeahead": {
            "version": "0.2.2",
            "resolved": "https://registry.npmjs.org/typeahead/-/typeahead-0.2.2.tgz",
            "integrity": "sha1-FADg8oLOZ9M5j8NKYu1eGCTFkps=",
            "requires": {
                "dom": "0.0.2",
                "xtend": "1.0.3"
            }
        },
        "typeahead.js": {
            "version": "0.11.1",
            "resolved": "https://registry.npmjs.org/typeahead.js/-/typeahead.js-0.11.1.tgz",
            "integrity": "sha1-TmTmcbIjEKhgb0rsgFkkuoSwFbg=",
            "requires": {
                "jquery": "3.5.1"
            }
        },
        "xtend": {
            "version": "1.0.3",
            "resolved": "https://registry.npmjs.org/xtend/-/xtend-1.0.3.tgz",
            "integrity": "sha1-P12Tc1PM7Y4IU5mlY/2yJUHClgo="
        }
    }
}
